
Microsoft Visual Studio Solution File, Format Version 11.00
# Visual Studio 2010
Project("{8BC9CEB8-8B4A-11D0-8D11-00A0C91BC942}") = "oplen", "oplen\oplen.vcxproj", "{31A78C99-2579-43AD-80F1-C83706EE7E5C}"
EndProject
Global
	GlobalSection(SolutionConfigurationPlatforms) = preSolution
		Debug|Win32 = Debug|Win32
		Release|Win32 = Release|Win32
	EndGlobalSection
	GlobalSection(ProjectConfigurationPlatforms) = postSolution
		{31A78C99-2579-43AD-80F1-C83706EE7E5C}.Debug|Win32.ActiveCfg = Debug|Win32
		{31A78C99-2579-43AD-80F1-C83706EE7E5C}.Debug|Win32.Build.0 = Debug|Win32
		{31A78C99-2579-43AD-80F1-C83706EE7E5C}.Release|Win32.ActiveCfg = Release|Win32
		{31A78C99-2579-43AD-80F1-C83706EE7E5C}.Release|Win32.Build.0 = Release|Win32
	EndGlobalSection
	GlobalSection(SolutionProperties) = preSolution
		HideSolutionNode = FALSE
	EndGlobalSection
EndGlobal
